
Microsoft Visual Studio Solution File, Format Version 12.00
# Visual Studio Version 16
VisualStudioVersion = 16.0.30204.135
MinimumVisualStudioVersion = 10.0.40219.1
Project("{FAE04EC0-301F-11D3-BF4B-00C04F79EFBC}") = "FavouriteService", "FavouriteService\FavouriteService.csproj", "{9E46D523-4680-4A0D-8F54-3E41D941726E}"
EndProject
Project("{FAE04EC0-301F-11D3-BF4B-00C04F79EFBC}") = "RecommendService", "RecommendService\RecommendService.csproj", "{FBC3797D-8276-4D26-9C3F-41BC550A6943}"
EndProject
Project("{FAE04EC0-301F-11D3-BF4B-00C04F79EFBC}") = "AuthenticationService", "AuthenticationService\AuthenticationService.csproj", "{3E315032-BC9F-4E18-8FB6-40D4877B9C5F}"
EndProject
Project("{FAE04EC0-301F-11D3-BF4B-00C04F79EFBC}") = "UserService", "UserService\UserService.csproj", "{AA5B8487-E711-422B-8AB5-416F84E452AE}"
EndProject
Project("{FAE04EC0-301F-11D3-BF4B-00C04F79EFBC}") = "Test", "Test\Test.csproj", "{6CA409B6-01A3-4DAA-8FA7-156171D9D42C}"
EndProject
Global
	GlobalSection(SolutionConfigurationPlatforms) = preSolution
		Debug|Any CPU = Debug|Any CPU
		Release|Any CPU = Release|Any CPU
	EndGlobalSection
	GlobalSection(ProjectConfigurationPlatforms) = postSolution
		{9E46D523-4680-4A0D-8F54-3E41D941726E}.Debug|Any CPU.ActiveCfg = Debug|Any CPU
		{9E46D523-4680-4A0D-8F54-3E41D941726E}.Debug|Any CPU.Build.0 = Debug|Any CPU
		{9E46D523-4680-4A0D-8F54-3E41D941726E}.Release|Any CPU.ActiveCfg = Release|Any CPU
		{9E46D523-4680-4A0D-8F54-3E41D941726E}.Release|Any CPU.Build.0 = Release|Any CPU
		{FBC3797D-8276-4D26-9C3F-41BC550A6943}.Debug|Any CPU.ActiveCfg = Debug|Any CPU
		{FBC3797D-8276-4D26-9C3F-41BC550A6943}.Debug|Any CPU.Build.0 = Debug|Any CPU
		{FBC3797D-8276-4D26-9C3F-41BC550A6943}.Release|Any CPU.ActiveCfg = Release|Any CPU
		{FBC3797D-8276-4D26-9C3F-41BC550A6943}.Release|Any CPU.Build.0 = Release|Any CPU
		{3E315032-BC9F-4E18-8FB6-40D4877B9C5F}.Debug|Any CPU.ActiveCfg = Debug|Any CPU
		{3E315032-BC9F-4E18-8FB6-40D4877B9C5F}.Debug|Any CPU.Build.0 = Debug|Any CPU
		{3E315032-BC9F-4E18-8FB6-40D4877B9C5F}.Release|Any CPU.ActiveCfg = Release|Any CPU
		{3E315032-BC9F-4E18-8FB6-40D4877B9C5F}.Release|Any CPU.Build.0 = Release|Any CPU
		{AA5B8487-E711-422B-8AB5-416F84E452AE}.Debug|Any CPU.ActiveCfg = Debug|Any CPU
		{AA5B8487-E711-422B-8AB5-416F84E452AE}.Debug|Any CPU.Build.0 = Debug|Any CPU
		{AA5B8487-E711-422B-8AB5-416F84E452AE}.Release|Any CPU.ActiveCfg = Release|Any CPU
		{AA5B8487-E711-422B-8AB5-416F84E452AE}.Release|Any CPU.Build.0 = Release|Any CPU
		{6CA409B6-01A3-4DAA-8FA7-156171D9D42C}.Debug|Any CPU.ActiveCfg = Debug|Any CPU
		{6CA409B6-01A3-4DAA-8FA7-156171D9D42C}.Debug|Any CPU.Build.0 = Debug|Any CPU
		{6CA409B6-01A3-4DAA-8FA7-156171D9D42C}.Release|Any CPU.ActiveCfg = Release|Any CPU
		{6CA409B6-01A3-4DAA-8FA7-156171D9D42C}.Release|Any CPU.Build.0 = Release|Any CPU
	EndGlobalSection
	GlobalSection(SolutionProperties) = preSolution
		HideSolutionNode = FALSE
	EndGlobalSection
	GlobalSection(ExtensibilityGlobals) = postSolution
		SolutionGuid = {7CA76D0A-700B-432C-BDC3-6A5E4E0E1537}
	EndGlobalSection
EndGlobal
